// !$*UTF8*$!
{
	archiveVersion = 1;
	classes = {
	};
	objectVersion = 50;
	objects = {

/* Begin PBXBuildFile section */
		1F7FC4A47FC8031CBBA693BE /* Pods_AlzaProject.framework in Frameworks */ = {isa = PBXBuildFile; fileRef = 685544E50CA8B6EE47B7C006 /* Pods_AlzaProject.framework */; };
		A844FD9921E423BA0001EE12 /* ProductDetailViewController.swift in Sources */ = {isa = PBXBuildFile; fileRef = A844FD9821E423BA0001EE12 /* ProductDetailViewController.swift */; };
		A844FD9B21E425B30001EE12 /* ProductDetail.storyboard in Resources */ = {isa = PBXBuildFile; fileRef = A844FD9A21E425B30001EE12 /* ProductDetail.storyboard */; };
		A844FD9D21E42A570001EE12 /* ProductTableViewCell.swift in Sources */ = {isa = PBXBuildFile; fileRef = A844FD9C21E42A570001EE12 /* ProductTableViewCell.swift */; };
		A844FDA021E42A760001EE12 /* ProductTableViewCell.xib in Resources */ = {isa = PBXBuildFile; fileRef = A844FD9F21E42A760001EE12 /* ProductTableViewCell.xib */; };
		A844FDA221E432CC0001EE12 /* BaseViewController.swift in Sources */ = {isa = PBXBuildFile; fileRef = A844FDA121E432CC0001EE12 /* BaseViewController.swift */; };
		A844FDA421E4338B0001EE12 /* BaseViewModel.swift in Sources */ = {isa = PBXBuildFile; fileRef = A844FDA321E4338B0001EE12 /* BaseViewModel.swift */; };
		A896BA3721E27E49004C6E10 /* AppDelegate.swift in Sources */ = {isa = PBXBuildFile; fileRef = A896BA3621E27E49004C6E10 /* AppDelegate.swift */; };
		A896BA3921E27E49004C6E10 /* HomeViewController.swift in Sources */ = {isa = PBXBuildFile; fileRef = A896BA3821E27E49004C6E10 /* HomeViewController.swift */; };
		A896BA3C21E27E49004C6E10 /* Home.storyboard in Resources */ = {isa = PBXBuildFile; fileRef = A896BA3A21E27E49004C6E10 /* Home.storyboard */; };
		A896BA3E21E27E4D004C6E10 /* Assets.xcassets in Resources */ = {isa = PBXBuildFile; fileRef = A896BA3D21E27E4D004C6E10 /* Assets.xcassets */; };
		A896BA4121E27E4D004C6E10 /* LaunchScreen.storyboard in Resources */ = {isa = PBXBuildFile; fileRef = A896BA3F21E27E4D004C6E10 /* LaunchScreen.storyboard */; };
		A896BA4921E282FF004C6E10 /* HomeViewModel.swift in Sources */ = {isa = PBXBuildFile; fileRef = A896BA4821E282FF004C6E10 /* HomeViewModel.swift */; };
		A896BA4C21E28332004C6E10 /* ViewModelType.swift in Sources */ = {isa = PBXBuildFile; fileRef = A896BA4B21E28332004C6E10 /* ViewModelType.swift */; };
		A896BA5121E28825004C6E10 /* ServiceAPI.swift in Sources */ = {isa = PBXBuildFile; fileRef = A896BA5021E28825004C6E10 /* ServiceAPI.swift */; };
		A896BA5421E28A52004C6E10 /* NetworkingUtilities.swift in Sources */ = {isa = PBXBuildFile; fileRef = A896BA5321E28A52004C6E10 /* NetworkingUtilities.swift */; };
		A896BA5621E28B72004C6E10 /* NetworkingConstants.swift in Sources */ = {isa = PBXBuildFile; fileRef = A896BA5521E28B72004C6E10 /* NetworkingConstants.swift */; };
		A896BA5821E28F37004C6E10 /* ProductDetail.swift in Sources */ = {isa = PBXBuildFile; fileRef = A896BA5721E28F37004C6E10 /* ProductDetail.swift */; };
		A896BA5A21E28F68004C6E10 /* Category.swift in Sources */ = {isa = PBXBuildFile; fileRef = A896BA5921E28F68004C6E10 /* Category.swift */; };
		A896BA5C21E28F94004C6E10 /* Product.swift in Sources */ = {isa = PBXBuildFile; fileRef = A896BA5B21E28F94004C6E10 /* Product.swift */; };
		A896BA6021E29039004C6E10 /* Services.swift in Sources */ = {isa = PBXBuildFile; fileRef = A896BA5F21E29039004C6E10 /* Services.swift */; };
		A896BA6221E2930A004C6E10 /* BaseServices.swift in Sources */ = {isa = PBXBuildFile; fileRef = A896BA6121E2930A004C6E10 /* BaseServices.swift */; };
		A896BA6421E296FE004C6E10 /* AuthenticatedProvider.swift in Sources */ = {isa = PBXBuildFile; fileRef = A896BA6321E296FE004C6E10 /* AuthenticatedProvider.swift */; };
		A896BA6721E297B8004C6E10 /* CustomNetworkActivityPlugin.swift in Sources */ = {isa = PBXBuildFile; fileRef = A896BA6621E297B8004C6E10 /* CustomNetworkActivityPlugin.swift */; };
		A896BA6F21E2A857004C6E10 /* NSObject+Ext.swift in Sources */ = {isa = PBXBuildFile; fileRef = A896BA6E21E2A857004C6E10 /* NSObject+Ext.swift */; };
		A896BA7621E2B009004C6E10 /* ProductsViewController.swift in Sources */ = {isa = PBXBuildFile; fileRef = A896BA7521E2B009004C6E10 /* ProductsViewController.swift */; };
		A896BA7C21E2B1BC004C6E10 /* Products.storyboard in Resources */ = {isa = PBXBuildFile; fileRef = A896BA7B21E2B1BC004C6E10 /* Products.storyboard */; };
		A896BA7E21E2B2A3004C6E10 /* ProductViewModel.swift in Sources */ = {isa = PBXBuildFile; fileRef = A896BA7D21E2B2A3004C6E10 /* ProductViewModel.swift */; };
		A896BA8321E2C0E4004C6E10 /* ProductDetailViewModel.swift in Sources */ = {isa = PBXBuildFile; fileRef = A896BA8221E2C0E4004C6E10 /* ProductDetailViewModel.swift */; };
/* End PBXBuildFile section */

/* Begin PBXFileReference section */
		0FB302F196F91CF5D8C004BB /* Pods-AlzaProject.debug.xcconfig */ = {isa = PBXFileReference; includeInIndex = 1; lastKnownFileType = text.xcconfig; name = "Pods-AlzaProject.debug.xcconfig"; path = "Pods/Target Support Files/Pods-AlzaProject/Pods-AlzaProject.debug.xcconfig"; sourceTree = "<group>"; };
		685544E50CA8B6EE47B7C006 /* Pods_AlzaProject.framework */ = {isa = PBXFileReference; explicitFileType = wrapper.framework; includeInIndex = 0; path = Pods_AlzaProject.framework; sourceTree = BUILT_PRODUCTS_DIR; };
		77E263431106C33822004B3E /* Pods-AlzaProject.release.xcconfig */ = {isa = PBXFileReference; includeInIndex = 1; lastKnownFileType = text.xcconfig; name = "Pods-AlzaProject.release.xcconfig"; path = "Pods/Target Support Files/Pods-AlzaProject/Pods-AlzaProject.release.xcconfig"; sourceTree = "<group>"; };
		A844FD9821E423BA0001EE12 /* ProductDetailViewController.swift */ = {isa = PBXFileReference; lastKnownFileType = sourcecode.swift; path = ProductDetailViewController.swift; sourceTree = "<group>"; };
		A844FD9A21E425B30001EE12 /* ProductDetail.storyboard */ = {isa = PBXFileReference; fileEncoding = 4; lastKnownFileType = file.storyboard; path = ProductDetail.storyboard; sourceTree = "<group>"; };
		A844FD9C21E42A570001EE12 /* ProductTableViewCell.swift */ = {isa = PBXFileReference; lastKnownFileType = sourcecode.swift; path = ProductTableViewCell.swift; sourceTree = "<group>"; };
		A844FD9F21E42A760001EE12 /* ProductTableViewCell.xib */ = {isa = PBXFileReference; lastKnownFileType = file.xib; path = ProductTableViewCell.xib; sourceTree = "<group>"; };
		A844FDA121E432CC0001EE12 /* BaseViewController.swift */ = {isa = PBXFileReference; lastKnownFileType = sourcecode.swift; path = BaseViewController.swift; sourceTree = "<group>"; };
		A844FDA321E4338B0001EE12 /* BaseViewModel.swift */ = {isa = PBXFileReference; lastKnownFileType = sourcecode.swift; path = BaseViewModel.swift; sourceTree = "<group>"; };
		A896BA3321E27E49004C6E10 /* AlzaProject.app */ = {isa = PBXFileReference; explicitFileType = wrapper.application; includeInIndex = 0; path = AlzaProject.app; sourceTree = BUILT_PRODUCTS_DIR; };
		A896BA3621E27E49004C6E10 /* AppDelegate.swift */ = {isa = PBXFileReference; lastKnownFileType = sourcecode.swift; path = AppDelegate.swift; sourceTree = "<group>"; };
		A896BA3821E27E49004C6E10 /* HomeViewController.swift */ = {isa = PBXFileReference; lastKnownFileType = sourcecode.swift; path = HomeViewController.swift; sourceTree = "<group>"; };
		A896BA3B21E27E49004C6E10 /* Base */ = {isa = PBXFileReference; lastKnownFileType = file.storyboard; name = Base; path = Base.lproj/Home.storyboard; sourceTree = "<group>"; };
		A896BA3D21E27E4D004C6E10 /* Assets.xcassets */ = {isa = PBXFileReference; lastKnownFileType = folder.assetcatalog; path = Assets.xcassets; sourceTree = "<group>"; };
		A896BA4021E27E4D004C6E10 /* Base */ = {isa = PBXFileReference; lastKnownFileType = file.storyboard; name = Base; path = Base.lproj/LaunchScreen.storyboard; sourceTree = "<group>"; };
		A896BA4221E27E4D004C6E10 /* Info.plist */ = {isa = PBXFileReference; lastKnownFileType = text.plist.xml; path = Info.plist; sourceTree = "<group>"; };
		A896BA4821E282FF004C6E10 /* HomeViewModel.swift */ = {isa = PBXFileReference; lastKnownFileType = sourcecode.swift; path = HomeViewModel.swift; sourceTree = "<group>"; };
		A896BA4B21E28332004C6E10 /* ViewModelType.swift */ = {isa = PBXFileReference; lastKnownFileType = sourcecode.swift; path = ViewModelType.swift; sourceTree = "<group>"; };
		A896BA5021E28825004C6E10 /* ServiceAPI.swift */ = {isa = PBXFileReference; lastKnownFileType = sourcecode.swift; path = ServiceAPI.swift; sourceTree = "<group>"; };
		A896BA5321E28A52004C6E10 /* NetworkingUtilities.swift */ = {isa = PBXFileReference; lastKnownFileType = sourcecode.swift; path = NetworkingUtilities.swift; sourceTree = "<group>"; };
		A896BA5521E28B72004C6E10 /* NetworkingConstants.swift */ = {isa = PBXFileReference; lastKnownFileType = sourcecode.swift; path = NetworkingConstants.swift; sourceTree = "<group>"; };
		A896BA5721E28F37004C6E10 /* ProductDetail.swift */ = {isa = PBXFileReference; lastKnownFileType = sourcecode.swift; path = ProductDetail.swift; sourceTree = "<group>"; };
		A896BA5921E28F68004C6E10 /* Category.swift */ = {isa = PBXFileReference; lastKnownFileType = sourcecode.swift; path = Category.swift; sourceTree = "<group>"; };
		A896BA5B21E28F94004C6E10 /* Product.swift */ = {isa = PBXFileReference; lastKnownFileType = sourcecode.swift; path = Product.swift; sourceTree = "<group>"; };
		A896BA5F21E29039004C6E10 /* Services.swift */ = {isa = PBXFileReference; lastKnownFileType = sourcecode.swift; path = Services.swift; sourceTree = "<group>"; };
		A896BA6121E2930A004C6E10 /* BaseServices.swift */ = {isa = PBXFileReference; lastKnownFileType = sourcecode.swift; path = BaseServices.swift; sourceTree = "<group>"; };
		A896BA6321E296FE004C6E10 /* AuthenticatedProvider.swift */ = {isa = PBXFileReference; lastKnownFileType = sourcecode.swift; path = AuthenticatedProvider.swift; sourceTree = "<group>"; };
		A896BA6621E297B8004C6E10 /* CustomNetworkActivityPlugin.swift */ = {isa = PBXFileReference; lastKnownFileType = sourcecode.swift; path = CustomNetworkActivityPlugin.swift; sourceTree = "<group>"; };
		A896BA6E21E2A857004C6E10 /* NSObject+Ext.swift */ = {isa = PBXFileReference; lastKnownFileType = sourcecode.swift; path = "NSObject+Ext.swift"; sourceTree = "<group>"; };
		A896BA7521E2B009004C6E10 /* ProductsViewController.swift */ = {isa = PBXFileReference; lastKnownFileType = sourcecode.swift; path = ProductsViewController.swift; sourceTree = "<group>"; };
		A896BA7B21E2B1BC004C6E10 /* Products.storyboard */ = {isa = PBXFileReference; fileEncoding = 4; lastKnownFileType = file.storyboard; path = Products.storyboard; sourceTree = "<group>"; };
		A896BA7D21E2B2A3004C6E10 /* ProductViewModel.swift */ = {isa = PBXFileReference; lastKnownFileType = sourcecode.swift; path = ProductViewModel.swift; sourceTree = "<group>"; };
		A896BA8221E2C0E4004C6E10 /* ProductDetailViewModel.swift */ = {isa = PBXFileReference; lastKnownFileType = sourcecode.swift; path = ProductDetailViewModel.swift; sourceTree = "<group>"; };
/* End PBXFileReference section */

/* Begin PBXFrameworksBuildPhase section */
		A896BA3021E27E49004C6E10 /* Frameworks */ = {
			isa = PBXFrameworksBuildPhase;
			buildActionMask = 2147483647;
			files = (
				1F7FC4A47FC8031CBBA693BE /* Pods_AlzaProject.framework in Frameworks */,
			);
			runOnlyForDeploymentPostprocessing = 0;
		};
/* End PBXFrameworksBuildPhase section */

/* Begin PBXGroup section */
		18B3187E7A04C115E9194999 /* Frameworks */ = {
			isa = PBXGroup;
			children = (
				685544E50CA8B6EE47B7C006 /* Pods_AlzaProject.framework */,
			);
			name = Frameworks;
			sourceTree = "<group>";
		};
		A844FD9E21E42A600001EE12 /* Views */ = {
			isa = PBXGroup;
			children = (
				A844FD9C21E42A570001EE12 /* ProductTableViewCell.swift */,
				A844FD9F21E42A760001EE12 /* ProductTableViewCell.xib */,
			);
			path = Views;
			sourceTree = "<group>";
		};
		A844FDA521E433940001EE12 /* Base */ = {
			isa = PBXGroup;
			children = (
				A844FDA121E432CC0001EE12 /* BaseViewController.swift */,
				A844FDA321E4338B0001EE12 /* BaseViewModel.swift */,
				A896BA4A21E2830A004C6E10 /* Models */,
			);
			path = Base;
			sourceTree = "<group>";
		};
		A896BA2A21E27E49004C6E10 = {
			isa = PBXGroup;
			children = (
				A896BA3521E27E49004C6E10 /* AlzaProject */,
				A896BA3421E27E49004C6E10 /* Products */,
				AC2A322B7099D4FFDE06668B /* Pods */,
				18B3187E7A04C115E9194999 /* Frameworks */,
			);
			sourceTree = "<group>";
		};
		A896BA3421E27E49004C6E10 /* Products */ = {
			isa = PBXGroup;
			children = (
				A896BA3321E27E49004C6E10 /* AlzaProject.app */,
			);
			name = Products;
			sourceTree = "<group>";
		};
		A896BA3521E27E49004C6E10 /* AlzaProject */ = {
			isa = PBXGroup;
			children = (
				A896BA6D21E2A83D004C6E10 /* Extensions */,
				A896BA6B21E29D10004C6E10 /* MainFlow */,
				A844FDA521E433940001EE12 /* Base */,
				A896BA4D21E2837B004C6E10 /* Service Layer */,
				A896BA3D21E27E4D004C6E10 /* Assets.xcassets */,
				A896BA3621E27E49004C6E10 /* AppDelegate.swift */,
				A896BA3F21E27E4D004C6E10 /* LaunchScreen.storyboard */,
				A896BA4221E27E4D004C6E10 /* Info.plist */,
			);
			path = AlzaProject;
			sourceTree = "<group>";
		};
		A896BA4A21E2830A004C6E10 /* Models */ = {
			isa = PBXGroup;
			children = (
				A896BA4B21E28332004C6E10 /* ViewModelType.swift */,
			);
			path = Models;
			sourceTree = "<group>";
		};
		A896BA4D21E2837B004C6E10 /* Service Layer */ = {
			isa = PBXGroup;
			children = (
				A896BA4E21E28398004C6E10 /* Data Model */,
				A896BA4F21E283AB004C6E10 /* Networking */,
				A896BA5E21E28FFA004C6E10 /* Services */,
			);
			path = "Service Layer";
			sourceTree = "<group>";
		};
		A896BA4E21E28398004C6E10 /* Data Model */ = {
			isa = PBXGroup;
			children = (
				A896BA5921E28F68004C6E10 /* Category.swift */,
				A896BA5B21E28F94004C6E10 /* Product.swift */,
				A896BA5721E28F37004C6E10 /* ProductDetail.swift */,
			);
			path = "Data Model";
			sourceTree = "<group>";
		};
		A896BA4F21E283AB004C6E10 /* Networking */ = {
			isa = PBXGroup;
			children = (
				A896BA6521E2979C004C6E10 /* Plugins */,
				A896BA5521E28B72004C6E10 /* NetworkingConstants.swift */,
				A896BA5321E28A52004C6E10 /* NetworkingUtilities.swift */,
				A896BA6321E296FE004C6E10 /* AuthenticatedProvider.swift */,
				A896BA5D21E28FB5004C6E10 /* Targets */,
			);
			path = Networking;
			sourceTree = "<group>";
		};
		A896BA5D21E28FB5004C6E10 /* Targets */ = {
			isa = PBXGroup;
			children = (
				A896BA5021E28825004C6E10 /* ServiceAPI.swift */,
			);
			path = Targets;
			sourceTree = "<group>";
		};
		A896BA5E21E28FFA004C6E10 /* Services */ = {
			isa = PBXGroup;
			children = (
				A896BA6121E2930A004C6E10 /* BaseServices.swift */,
				A896BA5F21E29039004C6E10 /* Services.swift */,
			);
			path = Services;
			sourceTree = "<group>";
		};
		A896BA6521E2979C004C6E10 /* Plugins */ = {
			isa = PBXGroup;
			children = (
				A896BA6621E297B8004C6E10 /* CustomNetworkActivityPlugin.swift */,
			);
			path = Plugins;
			sourceTree = "<group>";
		};
		A896BA6B21E29D10004C6E10 /* MainFlow */ = {
			isa = PBXGroup;
			children = (
				A896BA7121E2ABC9004C6E10 /* Home */,
				A896BA7221E2ABD2004C6E10 /* Products */,
				A896BA7F21E2BF42004C6E10 /* Product Detail */,
			);
			path = MainFlow;
			sourceTree = "<group>";
		};
		A896BA6D21E2A83D004C6E10 /* Extensions */ = {
			isa = PBXGroup;
			children = (
				A896BA6E21E2A857004C6E10 /* NSObject+Ext.swift */,
			);
			path = Extensions;
			sourceTree = "<group>";
		};
		A896BA7121E2ABC9004C6E10 /* Home */ = {
			isa = PBXGroup;
			children = (
				A896BA3A21E27E49004C6E10 /* Home.storyboard */,
				A896BA3821E27E49004C6E10 /* HomeViewController.swift */,
				A896BA4821E282FF004C6E10 /* HomeViewModel.swift */,
			);
			path = Home;
			sourceTree = "<group>";
		};
		A896BA7221E2ABD2004C6E10 /* Products */ = {
			isa = PBXGroup;
			children = (
				A896BA7B21E2B1BC004C6E10 /* Products.storyboard */,
				A896BA7521E2B009004C6E10 /* ProductsViewController.swift */,
				A896BA7D21E2B2A3004C6E10 /* ProductViewModel.swift */,
				A844FD9E21E42A600001EE12 /* Views */,
			);
			path = Products;
			sourceTree = "<group>";
		};
		A896BA7F21E2BF42004C6E10 /* Product Detail */ = {
			isa = PBXGroup;
			children = (
				A844FD9A21E425B30001EE12 /* ProductDetail.storyboard */,
				A844FD9821E423BA0001EE12 /* ProductDetailViewController.swift */,
				A896BA8221E2C0E4004C6E10 /* ProductDetailViewModel.swift */,
			);
			path = "Product Detail";
			sourceTree = "<group>";
		};
		AC2A322B7099D4FFDE06668B /* Pods */ = {
			isa = PBXGroup;
			children = (
				0FB302F196F91CF5D8C004BB /* Pods-AlzaProject.debug.xcconfig */,
				77E263431106C33822004B3E /* Pods-AlzaProject.release.xcconfig */,
			);
			name = Pods;
			sourceTree = "<group>";
		};
/* End PBXGroup section */

/* Begin PBXNativeTarget section */
		A896BA3221E27E49004C6E10 /* AlzaProject */ = {
			isa = PBXNativeTarget;
			buildConfigurationList = A896BA4521E27E4D004C6E10 /* Build configuration list for PBXNativeTarget "AlzaProject" */;
			buildPhases = (
				B12998EE3E728EE7BC0B6BAF /* [CP] Check Pods Manifest.lock */,
				A896BA2F21E27E49004C6E10 /* Sources */,
				A896BA3021E27E49004C6E10 /* Frameworks */,
				A896BA3121E27E49004C6E10 /* Resources */,
				0D903F78B330EA0CCE4F0D69 /* [CP] Embed Pods Frameworks */,
			);
			buildRules = (
			);
			dependencies = (
			);
			name = AlzaProject;
			productName = AlzaProject;
			productReference = A896BA3321E27E49004C6E10 /* AlzaProject.app */;
			productType = "com.apple.product-type.application";
		};
/* End PBXNativeTarget section */

/* Begin PBXProject section */
		A896BA2B21E27E49004C6E10 /* Project object */ = {
			isa = PBXProject;
			attributes = {
				LastSwiftUpdateCheck = 1010;
				LastUpgradeCheck = 1010;
				ORGANIZATIONNAME = CygnusX;
				TargetAttributes = {
					A896BA3221E27E49004C6E10 = {
						CreatedOnToolsVersion = 10.1;
					};
				};
			};
			buildConfigurationList = A896BA2E21E27E49004C6E10 /* Build configuration list for PBXProject "AlzaProject" */;
			compatibilityVersion = "Xcode 9.3";
			developmentRegion = en;
			hasScannedForEncodings = 0;
			knownRegions = (
				en,
				Base,
			);
			mainGroup = A896BA2A21E27E49004C6E10;
			productRefGroup = A896BA3421E27E49004C6E10 /* Products */;
			projectDirPath = "";
			projectRoot = "";
			targets = (
				A896BA3221E27E49004C6E10 /* AlzaProject */,
			);
		};
/* End PBXProject section */

/* Begin PBXResourcesBuildPhase section */
		A896BA3121E27E49004C6E10 /* Resources */ = {
			isa = PBXResourcesBuildPhase;
			buildActionMask = 2147483647;
			files = (
				A896BA4121E27E4D004C6E10 /* LaunchScreen.storyboard in Resources */,
				A844FDA021E42A760001EE12 /* ProductTableViewCell.xib in Resources */,
				A896BA3E21E27E4D004C6E10 /* Assets.xcassets in Resources */,
				A896BA7C21E2B1BC004C6E10 /* Products.storyboard in Resources */,
				A896BA3C21E27E49004C6E10 /* Home.storyboard in Resources */,
				A844FD9B21E425B30001EE12 /* ProductDetail.storyboard in Resources */,
			);
			runOnlyForDeploymentPostprocessing = 0;
		};
/* End PBXResourcesBuildPhase section */

/* Begin PBXShellScriptBuildPhase section */
		0D903F78B330EA0CCE4F0D69 /* [CP] Embed Pods Frameworks */ = {
			isa = PBXShellScriptBuildPhase;
			buildActionMask = 2147483647;
			files = (
			);
			inputFileListPaths = (
			);
			inputPaths = (
				"${SRCROOT}/Pods/Target Support Files/Pods-AlzaProject/Pods-AlzaProject-frameworks.sh",
				"${BUILT_PRODUCTS_DIR}/Alamofire/Alamofire.framework",
				"${BUILT_PRODUCTS_DIR}/AlamofireImage/AlamofireImage.framework",
				"${BUILT_PRODUCTS_DIR}/Moya/Moya.framework",
				"${BUILT_PRODUCTS_DIR}/Result/Result.framework",
				"${BUILT_PRODUCTS_DIR}/RxAtomic/RxAtomic.framework",
				"${BUILT_PRODUCTS_DIR}/RxCocoa/RxCocoa.framework",
				"${BUILT_PRODUCTS_DIR}/RxSwift/RxSwift.framework",
			);
			name = "[CP] Embed Pods Frameworks";
			outputFileListPaths = (
			);
			outputPaths = (
				"${TARGET_BUILD_DIR}/${FRAMEWORKS_FOLDER_PATH}/Alamofire.framework",
				"${TARGET_BUILD_DIR}/${FRAMEWORKS_FOLDER_PATH}/AlamofireImage.framework",
				"${TARGET_BUILD_DIR}/${FRAMEWORKS_FOLDER_PATH}/Moya.framework",
				"${TARGET_BUILD_DIR}/${FRAMEWORKS_FOLDER_PATH}/Result.framework",
				"${TARGET_BUILD_DIR}/${FRAMEWORKS_FOLDER_PATH}/RxAtomic.framework",
				"${TARGET_BUILD_DIR}/${FRAMEWORKS_FOLDER_PATH}/RxCocoa.framework",
				"${TARGET_BUILD_DIR}/${FRAMEWORKS_FOLDER_PATH}/RxSwift.framework",
			);
			runOnlyForDeploymentPostprocessing = 0;
			shellPath = /bin/sh;
			shellScript = "\"${SRCROOT}/Pods/Target Support Files/Pods-AlzaProject/Pods-AlzaProject-frameworks.sh\"\n";
			showEnvVarsInLog = 0;
		};
		B12998EE3E728EE7BC0B6BAF /* [CP] Check Pods Manifest.lock */ = {
			isa = PBXShellScriptBuildPhase;
			buildActionMask = 2147483647;
			files = (
			);
			inputFileListPaths = (
			);
			inputPaths = (
				"${PODS_PODFILE_DIR_PATH}/Podfile.lock",
				"${PODS_ROOT}/Manifest.lock",
			);
			name = "[CP] Check Pods Manifest.lock";
			outputFileListPaths = (
			);
			outputPaths = (
				"$(DERIVED_FILE_DIR)/Pods-AlzaProject-checkManifestLockResult.txt",
			);
			runOnlyForDeploymentPostprocessing = 0;
			shellPath = /bin/sh;
			shellScript = "diff \"${PODS_PODFILE_DIR_PATH}/Podfile.lock\" \"${PODS_ROOT}/Manifest.lock\" > /dev/null\nif [ $? != 0 ] ; then\n    # print error to STDERR\n    echo \"error: The sandbox is not in sync with the Podfile.lock. Run 'pod install' or update your CocoaPods installation.\" >&2\n    exit 1\nfi\n# This output is used by Xcode 'outputs' to avoid re-running this script phase.\necho \"SUCCESS\" > \"${SCRIPT_OUTPUT_FILE_0}\"\n";
			showEnvVarsInLog = 0;
		};
/* End PBXShellScriptBuildPhase section */

/* Begin PBXSourcesBuildPhase section */
		A896BA2F21E27E49004C6E10 /* Sources */ = {
			isa = PBXSourcesBuildPhase;
			buildActionMask = 2147483647;
			files = (
				A896BA7E21E2B2A3004C6E10 /* ProductViewModel.swift in Sources */,
				A844FDA421E4338B0001EE12 /* BaseViewModel.swift in Sources */,
				A896BA5121E28825004C6E10 /* ServiceAPI.swift in Sources */,
				A896BA3921E27E49004C6E10 /* HomeViewController.swift in Sources */,
				A896BA5821E28F37004C6E10 /* ProductDetail.swift in Sources */,
				A896BA6421E296FE004C6E10 /* AuthenticatedProvider.swift in Sources */,
				A844FDA221E432CC0001EE12 /* BaseViewController.swift in Sources */,
				A896BA6021E29039004C6E10 /* Services.swift in Sources */,
				A896BA5421E28A52004C6E10 /* NetworkingUtilities.swift in Sources */,
				A896BA5621E28B72004C6E10 /* NetworkingConstants.swift in Sources */,
				A896BA5A21E28F68004C6E10 /* Category.swift in Sources */,
				A896BA4C21E28332004C6E10 /* ViewModelType.swift in Sources */,
				A896BA6221E2930A004C6E10 /* BaseServices.swift in Sources */,
				A896BA8321E2C0E4004C6E10 /* ProductDetailViewModel.swift in Sources */,
				A896BA7621E2B009004C6E10 /* ProductsViewController.swift in Sources */,
				A896BA5C21E28F94004C6E10 /* Product.swift in Sources */,
				A896BA6F21E2A857004C6E10 /* NSObject+Ext.swift in Sources */,
				A896BA4921E282FF004C6E10 /* HomeViewModel.swift in Sources */,
				A844FD9921E423BA0001EE12 /* ProductDetailViewController.swift in Sources */,
				A844FD9D21E42A570001EE12 /* ProductTableViewCell.swift in Sources */,
				A896BA3721E27E49004C6E10 /* AppDelegate.swift in Sources */,
				A896BA6721E297B8004C6E10 /* CustomNetworkActivityPlugin.swift in Sources */,
			);
			runOnlyForDeploymentPostprocessing = 0;
		};
/* End PBXSourcesBuildPhase section */

/* Begin PBXVariantGroup section */
		A896BA3A21E27E49004C6E10 /* Home.storyboard */ = {
			isa = PBXVariantGroup;
			children = (
				A896BA3B21E27E49004C6E10 /* Base */,
			);
			name = Home.storyboard;
			sourceTree = "<group>";
		};
		A896BA3F21E27E4D004C6E10 /* LaunchScreen.storyboard */ = {
			isa = PBXVariantGroup;
			children = (
				A896BA4021E27E4D004C6E10 /* Base */,
			);
			name = LaunchScreen.storyboard;
			sourceTree = "<group>";
		};
/* End PBXVariantGroup section */

/* Begin XCBuildConfiguration section */
		A896BA4321E27E4D004C6E10 /* Debug */ = {
			isa = XCBuildConfiguration;
			buildSettings = {
				ALWAYS_SEARCH_USER_PATHS = NO;
				CLANG_ANALYZER_NONNULL = YES;
				CLANG_ANALYZER_NUMBER_OBJECT_CONVERSION = YES_AGGRESSIVE;
				CLANG_CXX_LANGUAGE_STANDARD = "gnu++14";
				CLANG_CXX_LIBRARY = "libc++";
				CLANG_ENABLE_MODULES = YES;
				CLANG_ENABLE_OBJC_ARC = YES;
				CLANG_ENABLE_OBJC_WEAK = YES;
				CLANG_WARN_BLOCK_CAPTURE_AUTORELEASING = YES;
				CLANG_WARN_BOOL_CONVERSION = YES;
				CLANG_WARN_COMMA = YES;
				CLANG_WARN_CONSTANT_CONVERSION = YES;
				CLANG_WARN_DEPRECATED_OBJC_IMPLEMENTATIONS = YES;
				CLANG_WARN_DIRECT_OBJC_ISA_USAGE = YES_ERROR;
				CLANG_WARN_DOCUMENTATION_COMMENTS = YES;
				CLANG_WARN_EMPTY_BODY = YES;
				CLANG_WARN_ENUM_CONVERSION = YES;
				CLANG_WARN_INFINITE_RECURSION = YES;
				CLANG_WARN_INT_CONVERSION = YES;
				CLANG_WARN_NON_LITERAL_NULL_CONVERSION = YES;
				CLANG_WARN_OBJC_IMPLICIT_RETAIN_SELF = YES;
				CLANG_WARN_OBJC_LITERAL_CONVERSION = YES;
				CLANG_WARN_OBJC_ROOT_CLASS = YES_ERROR;
				CLANG_WARN_RANGE_LOOP_ANALYSIS = YES;
				CLANG_WARN_STRICT_PROTOTYPES = YES;
				CLANG_WARN_SUSPICIOUS_MOVE = YES;
				CLANG_WARN_UNGUARDED_AVAILABILITY = YES_AGGRESSIVE;
				CLANG_WARN_UNREACHABLE_CODE = YES;
				CLANG_WARN__DUPLICATE_METHOD_MATCH = YES;
				CODE_SIGN_IDENTITY = "iPhone Developer";
				COPY_PHASE_STRIP = NO;
				DEBUG_INFORMATION_FORMAT = dwarf;
				ENABLE_STRICT_OBJC_MSGSEND = YES;
				ENABLE_TESTABILITY = YES;
				GCC_C_LANGUAGE_STANDARD = gnu11;
				GCC_DYNAMIC_NO_PIC = NO;
				GCC_NO_COMMON_BLOCKS = YES;
				GCC_OPTIMIZATION_LEVEL = 0;
				GCC_PREPROCESSOR_DEFINITIONS = (
					"DEBUG=1",
					"$(inherited)",
				);
				GCC_WARN_64_TO_32_BIT_CONVERSION = YES;
				GCC_WARN_ABOUT_RETURN_TYPE = YES_ERROR;
				GCC_WARN_UNDECLARED_SELECTOR = YES;
				GCC_WARN_UNINITIALIZED_AUTOS = YES_AGGRESSIVE;
				GCC_WARN_UNUSED_FUNCTION = YES;
				GCC_WARN_UNUSED_VARIABLE = YES;
				IPHONEOS_DEPLOYMENT_TARGET = 12.1;
				MTL_ENABLE_DEBUG_INFO = INCLUDE_SOURCE;
				MTL_FAST_MATH = YES;
				ONLY_ACTIVE_ARCH = YES;
				SDKROOT = iphoneos;
				SWIFT_ACTIVE_COMPILATION_CONDITIONS = DEBUG;
				SWIFT_OPTIMIZATION_LEVEL = "-Onone";
			};
			name = Debug;
		};
		A896BA4421E27E4D004C6E10 /* Release */ = {
			isa = XCBuildConfiguration;
			buildSettings = {
				ALWAYS_SEARCH_USER_PATHS = NO;
				CLANG_ANALYZER_NONNULL = YES;
				CLANG_ANALYZER_NUMBER_OBJECT_CONVERSION = YES_AGGRESSIVE;
				CLANG_CXX_LANGUAGE_STANDARD = "gnu++14";
				CLANG_CXX_LIBRARY = "libc++";
				CLANG_ENABLE_MODULES = YES;
				CLANG_ENABLE_OBJC_ARC = YES;
				CLANG_ENABLE_OBJC_WEAK = YES;
				CLANG_WARN_BLOCK_CAPTURE_AUTORELEASING = YES;
				CLANG_WARN_BOOL_CONVERSION = YES;
				CLANG_WARN_COMMA = YES;
				CLANG_WARN_CONSTANT_CONVERSION = YES;
				CLANG_WARN_DEPRECATED_OBJC_IMPLEMENTATIONS = YES;
				CLANG_WARN_DIRECT_OBJC_ISA_USAGE = YES_ERROR;
				CLANG_WARN_DOCUMENTATION_COMMENTS = YES;
				CLANG_WARN_EMPTY_BODY = YES;
				CLANG_WARN_ENUM_CONVERSION = YES;
				CLANG_WARN_INFINITE_RECURSION = YES;
				CLANG_WARN_INT_CONVERSION = YES;
				CLANG_WARN_NON_LITERAL_NULL_CONVERSION = YES;
				CLANG_WARN_OBJC_IMPLICIT_RETAIN_SELF = YES;
				CLANG_WARN_OBJC_LITERAL_CONVERSION = YES;
				CLANG_WARN_OBJC_ROOT_CLASS = YES_ERROR;
				CLANG_WARN_RANGE_LOOP_ANALYSIS = YES;
				CLANG_WARN_STRICT_PROTOTYPES = YES;
				CLANG_WARN_SUSPICIOUS_MOVE = YES;
				CLANG_WARN_UNGUARDED_AVAILABILITY = YES_AGGRESSIVE;
				CLANG_WARN_UNREACHABLE_CODE = YES;
				CLANG_WARN__DUPLICATE_METHOD_MATCH = YES;
				CODE_SIGN_IDENTITY = "iPhone Developer";
				COPY_PHASE_STRIP = NO;
				DEBUG_INFORMATION_FORMAT = "dwarf-with-dsym";
				ENABLE_NS_ASSERTIONS = NO;
				ENABLE_STRICT_OBJC_MSGSEND = YES;
				GCC_C_LANGUAGE_STANDARD = gnu11;
				GCC_NO_COMMON_BLOCKS = YES;
				GCC_WARN_64_TO_32_BIT_CONVERSION = YES;
				GCC_WARN_ABOUT_RETURN_TYPE = YES_ERROR;
				GCC_WARN_UNDECLARED_SELECTOR = YES;
				GCC_WARN_UNINITIALIZED_AUTOS = YES_AGGRESSIVE;
				GCC_WARN_UNUSED_FUNCTION = YES;
				GCC_WARN_UNUSED_VARIABLE = YES;
				IPHONEOS_DEPLOYMENT_TARGET = 12.1;
				MTL_ENABLE_DEBUG_INFO = NO;
				MTL_FAST_MATH = YES;
				SDKROOT = iphoneos;
				SWIFT_COMPILATION_MODE = wholemodule;
				SWIFT_OPTIMIZATION_LEVEL = "-O";
				VALIDATE_PRODUCT = YES;
			};
			name = Release;
		};
		A896BA4621E27E4D004C6E10 /* Debug */ = {
			isa = XCBuildConfiguration;
			baseConfigurationReference = 0FB302F196F91CF5D8C004BB /* Pods-AlzaProject.debug.xcconfig */;
			buildSettings = {
				ASSETCATALOG_COMPILER_APPICON_NAME = AppIcon;
				CODE_SIGN_STYLE = Automatic;
				DEVELOPMENT_TEAM = X324LUL4DB;
				INFOPLIST_FILE = AlzaProject/Info.plist;
				LD_RUNPATH_SEARCH_PATHS = (
					"$(inherited)",
					"@executable_path/Frameworks",
				);
				PRODUCT_BUNDLE_IDENTIFIER = com.cygnusx.AlzaProject;
				PRODUCT_NAME = "$(TARGET_NAME)";
				SWIFT_VERSION = 4.2;
				TARGETED_DEVICE_FAMILY = "1,2";
			};
			name = Debug;
		};
		A896BA4721E27E4D004C6E10 /* Release */ = {
			isa = XCBuildConfiguration;
			baseConfigurationReference = 77E263431106C33822004B3E /* Pods-AlzaProject.release.xcconfig */;
			buildSettings = {
				ASSETCATALOG_COMPILER_APPICON_NAME = AppIcon;
				CODE_SIGN_STYLE = Automatic;
				DEVELOPMENT_TEAM = X324LUL4DB;
				INFOPLIST_FILE = AlzaProject/Info.plist;
				LD_RUNPATH_SEARCH_PATHS = (
					"$(inherited)",
					"@executable_path/Frameworks",
				);
				PRODUCT_BUNDLE_IDENTIFIER = com.cygnusx.AlzaProject;
				PRODUCT_NAME = "$(TARGET_NAME)";
				SWIFT_VERSION = 4.2;
				TARGETED_DEVICE_FAMILY = "1,2";
			};
			name = Release;
		};
/* End XCBuildConfiguration section */

/* Begin XCConfigurationList section */
		A896BA2E21E27E49004C6E10 /* Build configuration list for PBXProject "AlzaProject" */ = {
			isa = XCConfigurationList;
			buildConfigurations = (
				A896BA4321E27E4D004C6E10 /* Debug */,
				A896BA4421E27E4D004C6E10 /* Release */,
			);
			defaultConfigurationIsVisible = 0;
			defaultConfigurationName = Release;
		};
		A896BA4521E27E4D004C6E10 /* Build configuration list for PBXNativeTarget "AlzaProject" */ = {
			isa = XCConfigurationList;
			buildConfigurations = (
				A896BA4621E27E4D004C6E10 /* Debug */,
				A896BA4721E27E4D004C6E10 /* Release */,
			);
			defaultConfigurationIsVisible = 0;
			defaultConfigurationName = Release;
		};
/* End XCConfigurationList section */
	};
	rootObject = A896BA2B21E27E49004C6E10 /* Project object */;
}
